// !$*UTF8*$!
{
	archiveVersion = 1;
	classes = {
	};
	objectVersion = 50;
	objects = {

/* Begin PBXBuildFile section */
		2FDBBA4820CAA36400D5FF8F /* AppDelegate.swift in Sources */ = {isa = PBXBuildFile; fileRef = 2FDBBA4720CAA36400D5FF8F /* AppDelegate.swift */; };
		2FDBBA4A20CAA36400D5FF8F /* ViewController.swift in Sources */ = {isa = PBXBuildFile; fileRef = 2FDBBA4920CAA36400D5FF8F /* ViewController.swift */; };
		2FDBBA4D20CAA36400D5FF8F /* Main.storyboard in Resources */ = {isa = PBXBuildFile; fileRef = 2FDBBA4B20CAA36400D5FF8F /* Main.storyboard */; };
		2FDBBA4F20CAA36500D5FF8F /* Assets.xcassets in Resources */ = {isa = PBXBuildFile; fileRef = 2FDBBA4E20CAA36500D5FF8F /* Assets.xcassets */; };
		2FDBBA5220CAA36500D5FF8F /* LaunchScreen.storyboard in Resources */ = {isa = PBXBuildFile; fileRef = 2FDBBA5020CAA36500D5FF8F /* LaunchScreen.storyboard */; };
/* End PBXBuildFile section */

/* Begin PBXFileReference section */
		2FDBBA4420CAA36400D5FF8F /* SOPT_Github_Seminar_iOS.app */ = {isa = PBXFileReference; explicitFileType = wrapper.application; includeInIndex = 0; path = SOPT_Github_Seminar_iOS.app; sourceTree = BUILT_PRODUCTS_DIR; };
		2FDBBA4720CAA36400D5FF8F /* AppDelegate.swift */ = {isa = PBXFileReference; lastKnownFileType = sourcecode.swift; path = AppDelegate.swift; sourceTree = "<group>"; };
		2FDBBA4920CAA36400D5FF8F /* ViewController.swift */ = {isa = PBXFileReference; lastKnownFileType = sourcecode.swift; path = ViewController.swift; sourceTree = "<group>"; };
		2FDBBA4C20CAA36400D5FF8F /* Base */ = {isa = PBXFileReference; lastKnownFileType = file.storyboard; name = Base; path = Base.lproj/Main.storyboard; sourceTree = "<group>"; };
		2FDBBA4E20CAA36500D5FF8F /* Assets.xcassets */ = {isa = PBXFileReference; lastKnownFileType = folder.assetcatalog; path = Assets.xcassets; sourceTree = "<group>"; };
		2FDBBA5120CAA36500D5FF8F /* Base */ = {isa = PBXFileReference; lastKnownFileType = file.storyboard; name = Base; path = Base.lproj/LaunchScreen.storyboard; sourceTree = "<group>"; };
		2FDBBA5320CAA36500D5FF8F /* Info.plist */ = {isa = PBXFileReference; lastKnownFileType = text.plist.xml; path = Info.plist; sourceTree = "<group>"; };
/* End PBXFileReference section */

/* Begin PBXFrameworksBuildPhase section */
		2FDBBA4120CAA36300D5FF8F /* Frameworks */ = {
			isa = PBXFrameworksBuildPhase;
			buildActionMask = 2147483647;
			files = (
			);
			runOnlyForDeploymentPostprocessing = 0;
		};
/* End PBXFrameworksBuildPhase section */

/* Begin PBXGroup section */
		2FDBBA3B20CAA36300D5FF8F = {
			isa = PBXGroup;
			children = (
				2FDBBA4620CAA36400D5FF8F /* SOPT_Github_Seminar_iOS */,
				2FDBBA4520CAA36400D5FF8F /* Products */,
			);
			sourceTree = "<group>";
		};
		2FDBBA4520CAA36400D5FF8F /* Products */ = {
			isa = PBXGroup;
			children = (
				2FDBBA4420CAA36400D5FF8F /* SOPT_Github_Seminar_iOS.app */,
			);
			name = Products;
			sourceTree = "<group>";
		};
		2FDBBA4620CAA36400D5FF8F /* SOPT_Github_Seminar_iOS */ = {
			isa = PBXGroup;
			children = (
				2FDBBA4720CAA36400D5FF8F /* AppDelegate.swift */,
				2FDBBA4920CAA36400D5FF8F /* ViewController.swift */,
				2FDBBA4B20CAA36400D5FF8F /* Main.storyboard */,
				2FDBBA4E20CAA36500D5FF8F /* Assets.xcassets */,
				2FDBBA5020CAA36500D5FF8F /* LaunchScreen.storyboard */,
				2FDBBA5320CAA36500D5FF8F /* Info.plist */,
			);
			path = SOPT_Github_Seminar_iOS;
			sourceTree = "<group>";
		};
/* End PBXGroup section */

/* Begin PBXNativeTarget section */
		2FDBBA4320CAA36300D5FF8F /* SOPT_Github_Seminar_iOS */ = {
			isa = PBXNativeTarget;
			buildConfigurationList = 2FDBBA5620CAA36500D5FF8F /* Build configuration list for PBXNativeTarget "SOPT_Github_Seminar_iOS" */;
			buildPhases = (
				2FDBBA4020CAA36300D5FF8F /* Sources */,
				2FDBBA4120CAA36300D5FF8F /* Frameworks */,
				2FDBBA4220CAA36300D5FF8F /* Resources */,
			);
			buildRules = (
			);
			dependencies = (
			);
			name = SOPT_Github_Seminar_iOS;
			productName = SOPT_Github_Seminar_iOS;
			productReference = 2FDBBA4420CAA36400D5FF8F /* SOPT_Github_Seminar_iOS.app */;
			productType = "com.apple.product-type.application";
		};
/* End PBXNativeTarget section */

/* Begin PBXProject section */
		2FDBBA3C20CAA36300D5FF8F /* Project object */ = {
			isa = PBXProject;
			attributes = {
				LastSwiftUpdateCheck = 0940;
				LastUpgradeCheck = 0940;
				ORGANIZATIONNAME = "이영준";
				TargetAttributes = {
					2FDBBA4320CAA36300D5FF8F = {
						CreatedOnToolsVersion = 9.4;
					};
				};
			};
			buildConfigurationList = 2FDBBA3F20CAA36300D5FF8F /* Build configuration list for PBXProject "SOPT_Github_Seminar_iOS" */;
			compatibilityVersion = "Xcode 9.3";
			developmentRegion = en;
			hasScannedForEncodings = 0;
			knownRegions = (
				en,
				Base,
			);
			mainGroup = 2FDBBA3B20CAA36300D5FF8F;
			productRefGroup = 2FDBBA4520CAA36400D5FF8F /* Products */;
			projectDirPath = "";
			projectRoot = "";
			targets = (
				2FDBBA4320CAA36300D5FF8F /* SOPT_Github_Seminar_iOS */,
			);
		};
/* End PBXProject section */

/* Begin PBXResourcesBuildPhase section */
		2FDBBA4220CAA36300D5FF8F /* Resources */ = {
			isa = PBXResourcesBuildPhase;
			buildActionMask = 2147483647;
			files = (
				2FDBBA5220CAA36500D5FF8F /* LaunchScreen.storyboard in Resources */,
				2FDBBA4F20CAA36500D5FF8F /* Assets.xcassets in Resources */,
				2FDBBA4D20CAA36400D5FF8F /* Main.storyboard in Resources */,
			);
			runOnlyForDeploymentPostprocessing = 0;
		};
/* End PBXResourcesBuildPhase section */

/* Begin PBXSourcesBuildPhase section */
		2FDBBA4020CAA36300D5FF8F /* Sources */ = {
			isa = PBXSourcesBuildPhase;
			buildActionMask = 2147483647;
			files = (
				2FDBBA4A20CAA36400D5FF8F /* ViewController.swift in Sources */,
				2FDBBA4820CAA36400D5FF8F /* AppDelegate.swift in Sources */,
			);
			runOnlyForDeploymentPostprocessing = 0;
		};
/* End PBXSourcesBuildPhase section */

/* Begin PBXVariantGroup section */
		2FDBBA4B20CAA36400D5FF8F /* Main.storyboard */ = {
			isa = PBXVariantGroup;
			children = (
				2FDBBA4C20CAA36400D5FF8F /* Base */,
			);
			name = Main.storyboard;
			sourceTree = "<group>";
		};
		2FDBBA5020CAA36500D5FF8F /* LaunchScreen.storyboard */ = {
			isa = PBXVariantGroup;
			children = (
				2FDBBA5120CAA36500D5FF8F /* Base */,
			);
			name = LaunchScreen.storyboard;
			sourceTree = "<group>";
		};
/* End PBXVariantGroup section */

/* Begin XCBuildConfiguration section */
		2FDBBA5420CAA36500D5FF8F /* Debug */ = {
			isa = XCBuildConfiguration;
			buildSettings = {
				ALWAYS_SEARCH_USER_PATHS = NO;
				CLANG_ANALYZER_NONNULL = YES;
				CLANG_ANALYZER_NUMBER_OBJECT_CONVERSION = YES_AGGRESSIVE;
				CLANG_CXX_LANGUAGE_STANDARD = "gnu++14";
				CLANG_CXX_LIBRARY = "libc++";
				CLANG_ENABLE_MODULES = YES;
				CLANG_ENABLE_OBJC_ARC = YES;
				CLANG_ENABLE_OBJC_WEAK = YES;
				CLANG_WARN_BLOCK_CAPTURE_AUTORELEASING = YES;
				CLANG_WARN_BOOL_CONVERSION = YES;
				CLANG_WARN_COMMA = YES;
				CLANG_WARN_CONSTANT_CONVERSION = YES;
				CLANG_WARN_DEPRECATED_OBJC_IMPLEMENTATIONS = YES;
				CLANG_WARN_DIRECT_OBJC_ISA_USAGE = YES_ERROR;
				CLANG_WARN_DOCUMENTATION_COMMENTS = YES;
				CLANG_WARN_EMPTY_BODY = YES;
				CLANG_WARN_ENUM_CONVERSION = YES;
				CLANG_WARN_INFINITE_RECURSION = YES;
				CLANG_WARN_INT_CONVERSION = YES;
				CLANG_WARN_NON_LITERAL_NULL_CONVERSION = YES;
				CLANG_WARN_OBJC_IMPLICIT_RETAIN_SELF = YES;
				CLANG_WARN_OBJC_LITERAL_CONVERSION = YES;
				CLANG_WARN_OBJC_ROOT_CLASS = YES_ERROR;
				CLANG_WARN_RANGE_LOOP_ANALYSIS = YES;
				CLANG_WARN_STRICT_PROTOTYPES = YES;
				CLANG_WARN_SUSPICIOUS_MOVE = YES;
				CLANG_WARN_UNGUARDED_AVAILABILITY = YES_AGGRESSIVE;
				CLANG_WARN_UNREACHABLE_CODE = YES;
				CLANG_WARN__DUPLICATE_METHOD_MATCH = YES;
				CODE_SIGN_IDENTITY = "iPhone Developer";
				COPY_PHASE_STRIP = NO;
				DEBUG_INFORMATION_FORMAT = dwarf;
				ENABLE_STRICT_OBJC_MSGSEND = YES;
				ENABLE_TESTABILITY = YES;
				GCC_C_LANGUAGE_STANDARD = gnu11;
				GCC_DYNAMIC_NO_PIC = NO;
				GCC_NO_COMMON_BLOCKS = YES;
				GCC_OPTIMIZATION_LEVEL = 0;
				GCC_PREPROCESSOR_DEFINITIONS = (
					"DEBUG=1",
					"$(inherited)",
				);
				GCC_WARN_64_TO_32_BIT_CONVERSION = YES;
				GCC_WARN_ABOUT_RETURN_TYPE = YES_ERROR;
				GCC_WARN_UNDECLARED_SELECTOR = YES;
				GCC_WARN_UNINITIALIZED_AUTOS = YES_AGGRESSIVE;
				GCC_WARN_UNUSED_FUNCTION = YES;
				GCC_WARN_UNUSED_VARIABLE = YES;
				IPHONEOS_DEPLOYMENT_TARGET = 11.4;
				MTL_ENABLE_DEBUG_INFO = YES;
				ONLY_ACTIVE_ARCH = YES;
				SDKROOT = iphoneos;
				SWIFT_ACTIVE_COMPILATION_CONDITIONS = DEBUG;
				SWIFT_OPTIMIZATION_LEVEL = "-Onone";
			};
			name = Debug;
		};
		2FDBBA5520CAA36500D5FF8F /* Release */ = {
			isa = XCBuildConfiguration;
			buildSettings = {
				ALWAYS_SEARCH_USER_PATHS = NO;
				CLANG_ANALYZER_NONNULL = YES;
				CLANG_ANALYZER_NUMBER_OBJECT_CONVERSION = YES_AGGRESSIVE;
				CLANG_CXX_LANGUAGE_STANDARD = "gnu++14";
				CLANG_CXX_LIBRARY = "libc++";
				CLANG_ENABLE_MODULES = YES;
				CLANG_ENABLE_OBJC_ARC = YES;
				CLANG_ENABLE_OBJC_WEAK = YES;
				CLANG_WARN_BLOCK_CAPTURE_AUTORELEASING = YES;
				CLANG_WARN_BOOL_CONVERSION = YES;
				CLANG_WARN_COMMA = YES;
				CLANG_WARN_CONSTANT_CONVERSION = YES;
				CLANG_WARN_DEPRECATED_OBJC_IMPLEMENTATIONS = YES;
				CLANG_WARN_DIRECT_OBJC_ISA_USAGE = YES_ERROR;
				CLANG_WARN_DOCUMENTATION_COMMENTS = YES;
				CLANG_WARN_EMPTY_BODY = YES;
				CLANG_WARN_ENUM_CONVERSION = YES;
				CLANG_WARN_INFINITE_RECURSION = YES;
				CLANG_WARN_INT_CONVERSION = YES;
				CLANG_WARN_NON_LITERAL_NULL_CONVERSION = YES;
				CLANG_WARN_OBJC_IMPLICIT_RETAIN_SELF = YES;
				CLANG_WARN_OBJC_LITERAL_CONVERSION = YES;
				CLANG_WARN_OBJC_ROOT_CLASS = YES_ERROR;
				CLANG_WARN_RANGE_LOOP_ANALYSIS = YES;
				CLANG_WARN_STRICT_PROTOTYPES = YES;
				CLANG_WARN_SUSPICIOUS_MOVE = YES;
				CLANG_WARN_UNGUARDED_AVAILABILITY = YES_AGGRESSIVE;
				CLANG_WARN_UNREACHABLE_CODE = YES;
				CLANG_WARN__DUPLICATE_METHOD_MATCH = YES;
				CODE_SIGN_IDENTITY = "iPhone Developer";
				COPY_PHASE_STRIP = NO;
				DEBUG_INFORMATION_FORMAT = "dwarf-with-dsym";
				ENABLE_NS_ASSERTIONS = NO;
				ENABLE_STRICT_OBJC_MSGSEND = YES;
				GCC_C_LANGUAGE_STANDARD = gnu11;
				GCC_NO_COMMON_BLOCKS = YES;
				GCC_WARN_64_TO_32_BIT_CONVERSION = YES;
				GCC_WARN_ABOUT_RETURN_TYPE = YES_ERROR;
				GCC_WARN_UNDECLARED_SELECTOR = YES;
				GCC_WARN_UNINITIALIZED_AUTOS = YES_AGGRESSIVE;
				GCC_WARN_UNUSED_FUNCTION = YES;
				GCC_WARN_UNUSED_VARIABLE = YES;
				IPHONEOS_DEPLOYMENT_TARGET = 11.4;
				MTL_ENABLE_DEBUG_INFO = NO;
				SDKROOT = iphoneos;
				SWIFT_COMPILATION_MODE = wholemodule;
				SWIFT_OPTIMIZATION_LEVEL = "-O";
				VALIDATE_PRODUCT = YES;
			};
			name = Release;
		};
		2FDBBA5720CAA36500D5FF8F /* Debug */ = {
			isa = XCBuildConfiguration;
			buildSettings = {
				ASSETCATALOG_COMPILER_APPICON_NAME = AppIcon;
				CODE_SIGN_STYLE = Automatic;
				DEVELOPMENT_TEAM = Z362WAX4AX;
				INFOPLIST_FILE = SOPT_Github_Seminar_iOS/Info.plist;
				LD_RUNPATH_SEARCH_PATHS = (
					"$(inherited)",
					"@executable_path/Frameworks",
				);
				PRODUCT_BUNDLE_IDENTIFIER = "Single.SOPT-Github-Seminar-iOS";
				PRODUCT_NAME = "$(TARGET_NAME)";
				SWIFT_VERSION = 4.0;
				TARGETED_DEVICE_FAMILY = "1,2";
			};
			name = Debug;
		};
		2FDBBA5820CAA36500D5FF8F /* Release */ = {
			isa = XCBuildConfiguration;
			buildSettings = {
				ASSETCATALOG_COMPILER_APPICON_NAME = AppIcon;
				CODE_SIGN_STYLE = Automatic;
				DEVELOPMENT_TEAM = Z362WAX4AX;
				INFOPLIST_FILE = SOPT_Github_Seminar_iOS/Info.plist;
				LD_RUNPATH_SEARCH_PATHS = (
					"$(inherited)",
					"@executable_path/Frameworks",
				);
				PRODUCT_BUNDLE_IDENTIFIER = "Single.SOPT-Github-Seminar-iOS";
				PRODUCT_NAME = "$(TARGET_NAME)";
				SWIFT_VERSION = 4.0;
				TARGETED_DEVICE_FAMILY = "1,2";
			};
			name = Release;
		};
/* End XCBuildConfiguration section */

/* Begin XCConfigurationList section */
		2FDBBA3F20CAA36300D5FF8F /* Build configuration list for PBXProject "SOPT_Github_Seminar_iOS" */ = {
			isa = XCConfigurationList;
			buildConfigurations = (
				2FDBBA5420CAA36500D5FF8F /* Debug */,
				2FDBBA5520CAA36500D5FF8F /* Release */,
			);
			defaultConfigurationIsVisible = 0;
			defaultConfigurationName = Release;
		};
		2FDBBA5620CAA36500D5FF8F /* Build configuration list for PBXNativeTarget "SOPT_Github_Seminar_iOS" */ = {
			isa = XCConfigurationList;
			buildConfigurations = (
				2FDBBA5720CAA36500D5FF8F /* Debug */,
				2FDBBA5820CAA36500D5FF8F /* Release */,
			);
			defaultConfigurationIsVisible = 0;
			defaultConfigurationName = Release;
		};
/* End XCConfigurationList section */
	};
	rootObject = 2FDBBA3C20CAA36300D5FF8F /* Project object */;
}
